
Microsoft Visual Studio Solution File, Format Version 12.00
# Visual Studio Version 17
VisualStudioVersion = 17.12.35506.116
MinimumVisualStudioVersion = 10.0.40219.1
Project("{FAE04EC0-301F-11D3-BF4B-00C04F79EFBC}") = "PracticaJWTcore", "PracticaJWTcore\PracticaJWTcore.csproj", "{E29F1DB6-1F4E-4CE3-AB5C-C1A3F4405564}"
EndProject
Project("{FAE04EC0-301F-11D3-BF4B-00C04F79EFBC}") = "JWTTest", "JWTTest\JWTTest.csproj", "{817D916C-33D1-4C00-A4B8-2E0DED7B308F}"
EndProject
Global
	GlobalSection(SolutionConfigurationPlatforms) = preSolution
		Debug|Any CPU = Debug|Any CPU
		Release|Any CPU = Release|Any CPU
	EndGlobalSection
	GlobalSection(ProjectConfigurationPlatforms) = postSolution
		{E29F1DB6-1F4E-4CE3-AB5C-C1A3F4405564}.Debug|Any CPU.ActiveCfg = Debug|Any CPU
		{E29F1DB6-1F4E-4CE3-AB5C-C1A3F4405564}.Debug|Any CPU.Build.0 = Debug|Any CPU
		{E29F1DB6-1F4E-4CE3-AB5C-C1A3F4405564}.Release|Any CPU.ActiveCfg = Release|Any CPU
		{E29F1DB6-1F4E-4CE3-AB5C-C1A3F4405564}.Release|Any CPU.Build.0 = Release|Any CPU
		{817D916C-33D1-4C00-A4B8-2E0DED7B308F}.Debug|Any CPU.ActiveCfg = Debug|Any CPU
		{817D916C-33D1-4C00-A4B8-2E0DED7B308F}.Debug|Any CPU.Build.0 = Debug|Any CPU
		{817D916C-33D1-4C00-A4B8-2E0DED7B308F}.Release|Any CPU.ActiveCfg = Release|Any CPU
		{817D916C-33D1-4C00-A4B8-2E0DED7B308F}.Release|Any CPU.Build.0 = Release|Any CPU
	EndGlobalSection
	GlobalSection(SolutionProperties) = preSolution
		HideSolutionNode = FALSE
	EndGlobalSection
	GlobalSection(ExtensibilityGlobals) = postSolution
		SolutionGuid = {70C33353-6A06-411F-BF8A-9B910BA8B68E}
	EndGlobalSection
EndGlobal
